
Microsoft Visual Studio Solution File, Format Version 12.00
# Visual Studio Version 16
VisualStudioVersion = 16.0.29324.140
MinimumVisualStudioVersion = 10.0.40219.1
Project("{FAE04EC0-301F-11D3-BF4B-00C04F79EFBC}") = "TemperatureConversion", "TemperatureConversion\TemperatureConversion.csproj", "{D61B259F-FCD9-4DBF-BA2D-B1DF96D0BE4F}"
EndProject
Global
	GlobalSection(SolutionConfigurationPlatforms) = preSolution
		Debug|Any CPU = Debug|Any CPU
		Release|Any CPU = Release|Any CPU
	EndGlobalSection
	GlobalSection(ProjectConfigurationPlatforms) = postSolution
		{D61B259F-FCD9-4DBF-BA2D-B1DF96D0BE4F}.Debug|Any CPU.ActiveCfg = Debug|Any CPU
		{D61B259F-FCD9-4DBF-BA2D-B1DF96D0BE4F}.Debug|Any CPU.Build.0 = Debug|Any CPU
		{D61B259F-FCD9-4DBF-BA2D-B1DF96D0BE4F}.Release|Any CPU.ActiveCfg = Release|Any CPU
		{D61B259F-FCD9-4DBF-BA2D-B1DF96D0BE4F}.Release|Any CPU.Build.0 = Release|Any CPU
	EndGlobalSection
	GlobalSection(SolutionProperties) = preSolution
		HideSolutionNode = FALSE
	EndGlobalSection
	GlobalSection(ExtensibilityGlobals) = postSolution
		SolutionGuid = {C64FEE81-829C-438C-B757-54C5822B7C8B}
	EndGlobalSection
EndGlobal
